
Microsoft Visual Studio Solution File, Format Version 12.00
# Visual Studio Version 16
VisualStudioVersion = 16.0.29709.97
MinimumVisualStudioVersion = 10.0.40219.1
Project("{FAE04EC0-301F-11D3-BF4B-00C04F79EFBC}") = "EventHubRestApi", "EventHubRestApi\EventHubRestApi.csproj", "{73BC9173-DFBB-496D-BEBF-4261A3D06C65}"
EndProject
Global
	GlobalSection(SolutionConfigurationPlatforms) = preSolution
		Debug|Any CPU = Debug|Any CPU
		Release|Any CPU = Release|Any CPU
	EndGlobalSection
	GlobalSection(ProjectConfigurationPlatforms) = postSolution
		{73BC9173-DFBB-496D-BEBF-4261A3D06C65}.Debug|Any CPU.ActiveCfg = Debug|Any CPU
		{73BC9173-DFBB-496D-BEBF-4261A3D06C65}.Debug|Any CPU.Build.0 = Debug|Any CPU
		{73BC9173-DFBB-496D-BEBF-4261A3D06C65}.Release|Any CPU.ActiveCfg = Release|Any CPU
		{73BC9173-DFBB-496D-BEBF-4261A3D06C65}.Release|Any CPU.Build.0 = Release|Any CPU
	EndGlobalSection
	GlobalSection(SolutionProperties) = preSolution
		HideSolutionNode = FALSE
	EndGlobalSection
	GlobalSection(ExtensibilityGlobals) = postSolution
		SolutionGuid = {A6FE6D6D-4DDE-4830-9F36-093BE0B728E2}
	EndGlobalSection
EndGlobal
